<?xml version="1.0" encoding="utf-8"?>
<Project ToolsVersion="4.0" xmlns="http://schemas.microsoft.com/developer/msbuild/2003">
  <ItemGroup>
    <Filter Include="src">
      <UniqueIdentifier>{9560f9a9-c6dd-4b6c-9b32-ada7955c0346}</UniqueIdentifier>
    </Filter>
    <Filter Include="src\db">
      <UniqueIdentifier>{5d186ff6-592c-44bc-99a8-f871c74d47b3}</UniqueIdentifier>
    </Filter>
    <Filter Include="src\router">
      <UniqueIdentifier>{246d3667-a7d7-4f96-bd0a-7d418f4c1d4d}</UniqueIdentifier>
    </Filter>
    <Filter Include="src\router\modbus">
      <UniqueIdentifier>{1bee7aca-c082-410d-85f8-d7b21877b501}</UniqueIdentifier>
    </Filter>
    <Filter Include="src\router\modbus\profile">
      <UniqueIdentifier>{d74b0e76-0264-4e38-a6cf-a3bd6be27eb3}</UniqueIdentifier>
    </Filter>
    <Filter Include="src\manager">
      <UniqueIdentifier>{a7edf0a4-cbca-4a75-bf4f-548fe4b7764d}</UniqueIdentifier>
    </Filter>
    <Filter Include="src\router\stream">
      <UniqueIdentifier>{e1c51f7a-999b-4f32-97d6-9364d012699e}</UniqueIdentifier>
    </Filter>
    <Filter Include="src\devices">
      <UniqueIdentifier>{84643f1c-1a0e-42b4-a548-df49e1005d4f}</UniqueIdentifier>
    </Filter>
    <Filter Include="src\devices\goodwe">
      <UniqueIdentifier>{40945e90-884d-42fe-af71-ebfa344845cc}</UniqueIdentifier>
    </Filter>
    <Filter Include="src\router\goodwe">
      <UniqueIdentifier>{a67ded80-224a-4703-a3a0-d4df1bb6a2a6}</UniqueIdentifier>
    </Filter>
    <Filter Include="src\router\tesla">
      <UniqueIdentifier>{9e30a0ce-3be3-4c81-822d-c1b59d0af556}</UniqueIdentifier>
    </Filter>
    <Filter Include="src\urt">
      <UniqueIdentifier>{304f8331-b3de-4bb9-81b7-b8514ee0958c}</UniqueIdentifier>
    </Filter>
    <Filter Include="src\urt\mem">
      <UniqueIdentifier>{fcaa78bd-2cef-4deb-bc67-416b480d0710}</UniqueIdentifier>
    </Filter>
    <Filter Include="src\urt\string">
      <UniqueIdentifier>{154e5d1e-c3fd-402b-b106-1067742ac9bc}</UniqueIdentifier>
    </Filter>
    <Filter Include="src\manager\console">
      <UniqueIdentifier>{5b7f73d6-de14-482f-86a8-89a77e2af436}</UniqueIdentifier>
    </Filter>
    <Filter Include="src\urt\intrinsic">
      <UniqueIdentifier>{4df84de2-6358-4722-b319-08d25bd2f6ac}</UniqueIdentifier>
    </Filter>
    <Filter Include="src\router\iface">
      <UniqueIdentifier>{0e965bb7-e2d4-44f9-a982-88df797db1fb}</UniqueIdentifier>
    </Filter>
    <Filter Include="src\protocol">
      <UniqueIdentifier>{e3d26653-740a-4de4-ad46-6df4e33023d0}</UniqueIdentifier>
    </Filter>
    <Filter Include="src\protocol\modbus">
      <UniqueIdentifier>{aba64285-47d8-4af3-a4bf-5284dbbeea44}</UniqueIdentifier>
    </Filter>
    <Filter Include="src\router\port">
      <UniqueIdentifier>{b7012d9a-641d-492c-8634-9dbdb9c38a25}</UniqueIdentifier>
    </Filter>
    <Filter Include="src\protocol\mqtt">
      <UniqueIdentifier>{ff7e033e-b5f6-472c-8460-916db93b4dbe}</UniqueIdentifier>
    </Filter>
    <Filter Include="src\urt\meta">
      <UniqueIdentifier>{de3ea41c-cef1-43ef-8c98-70f80a0b9ba8}</UniqueIdentifier>
    </Filter>
    <Filter Include="src\protocol\tesla">
      <UniqueIdentifier>{54587164-3374-4538-ad23-3865c5baffef}</UniqueIdentifier>
    </Filter>
    <Filter Include="src\protocol\snmp">
      <UniqueIdentifier>{f9e366d8-35ce-4a70-9f0e-3ab303fb1bdb}</UniqueIdentifier>
    </Filter>
    <Filter Include="src\protocol\telnet">
      <UniqueIdentifier>{f9218558-feb4-40d3-b5bb-db924d553f6a}</UniqueIdentifier>
    </Filter>
    <Filter Include="src\protocol\ezsp">
      <UniqueIdentifier>{ba691bb2-9acf-4496-a2e1-134bf2130294}</UniqueIdentifier>
    </Filter>
    <Filter Include="src\protocol\zigbee">
      <UniqueIdentifier>{ba691bb2-9acf-4496-a2e1-134bf2130294}</UniqueIdentifier>
    </Filter>
    <Filter Include="src\protocol\dns">
      <UniqueIdentifier>{6b327823-23d1-49dc-a514-342b020a2613}</UniqueIdentifier>
    </Filter>
    <Filter Include="src\urt\digest">
      <UniqueIdentifier>{5ca0e114-4a83-4c9d-869b-a172139eb46a}</UniqueIdentifier>
    </Filter>
    <Filter Include="src\urt\format">
      <UniqueIdentifier>{75942b85-0248-49fb-9e5e-61056ac27089}</UniqueIdentifier>
    </Filter>
    <Filter Include="src\urt\range">
      <UniqueIdentifier>{14daa134-d1ed-4584-ac0e-ba1176386c0e}</UniqueIdentifier>
    </Filter>
    <Filter Include="src\protocol\http">
      <UniqueIdentifier>{072e997d-5dcf-4378-947a-4a665e1fd242}</UniqueIdentifier>
    </Filter>
    <Filter Include="src\apps">
      <UniqueIdentifier>{8643bbe8-bb9e-448c-88a7-e8beae4c45e8}</UniqueIdentifier>
    </Filter>
    <Filter Include="src\apps\energy">
      <UniqueIdentifier>{64b88f6a-915f-4210-b838-b7905c8455ad}</UniqueIdentifier>
    </Filter>
    <Filter Include="conf">
      <UniqueIdentifier>{7f37cbda-422d-4bb4-a2b2-d913b4cf3ba9}</UniqueIdentifier>
    </Filter>
    <Filter Include="conf\modbus_profiles">
      <UniqueIdentifier>{44799e0d-95be-4f50-83d3-bb8473558560}</UniqueIdentifier>
    </Filter>
    <Filter Include="conf\rest_profiles">
      <UniqueIdentifier>{adb46336-8e98-41fa-9701-bcda31f4d3ec}</UniqueIdentifier>
    </Filter>
    <Filter Include="src\urt\si">
      <UniqueIdentifier>{932a57f7-c6b2-4f7e-b017-282999bbbe48}</UniqueIdentifier>
    </Filter>
  </ItemGroup>
  <ItemGroup>
    <DCompile Include="src\router\modbus\profile\solaredge_meter.d">
      <Filter>src\router\modbus\profile</Filter>
    </DCompile>
    <DCompile Include="src\router\modbus\profile\goodwe_ems.d">
      <Filter>src\router\modbus\profile</Filter>
    </DCompile>
    <DCompile Include="src\router\modbus\profile\package.d">
      <Filter>src\router\modbus\profile</Filter>
    </DCompile>
    <DCompile Include="src\db\package.d">
      <Filter>src\db</Filter>
    </DCompile>
    <DCompile Include="src\router\modbus\coding.d">
      <Filter>src\router\modbus</Filter>
    </DCompile>
    <DCompile Include="src\router\modbus\message.d">
      <Filter>src\router\modbus</Filter>
    </DCompile>
    <DCompile Include="src\main.d">
      <Filter>src</Filter>
    </DCompile>
    <DCompile Include="src\db\selfrefptr.d">
      <Filter>src\db</Filter>
    </DCompile>
    <DCompile Include="src\db\stream.d">
      <Filter>src\db</Filter>
    </DCompile>
    <DCompile Include="src\manager\element.d">
      <Filter>src\manager</Filter>
    </DCompile>
    <DCompile Include="src\manager\units.d">
      <Filter>src\manager</Filter>
    </DCompile>
    <DCompile Include="src\manager\component.d">
      <Filter>src\manager</Filter>
    </DCompile>
    <DCompile Include="src\manager\device.d">
      <Filter>src\manager</Filter>
    </DCompile>
    <DCompile Include="src\router\modbus\profile\goodwe.d">
      <Filter>src\router\modbus\profile</Filter>
    </DCompile>
    <DCompile Include="src\router\modbus\profile\goodwe_inverter.d">
      <Filter>src\router\modbus\profile</Filter>
    </DCompile>
    <DCompile Include="src\manager\value.d">
      <Filter>src\manager</Filter>
    </DCompile>
    <DCompile Include="src\manager\config.d">
      <Filter>src\manager</Filter>
    </DCompile>
    <DCompile Include="src\router\stream\package.d">
      <Filter>src\router\stream</Filter>
    </DCompile>
    <DCompile Include="src\router\stream\tcp.d">
      <Filter>src\router\stream</Filter>
    </DCompile>
    <DCompile Include="src\router\stream\udp.d">
      <Filter>src\router\stream</Filter>
    </DCompile>
    <DCompile Include="src\router\stream\serial.d">
      <Filter>src\router\stream</Filter>
    </DCompile>
    <DCompile Include="src\devices\goodwe\scanner.d">
      <Filter>src\devices\goodwe</Filter>
    </DCompile>
    <DCompile Include="src\router\goodwe\aa55.d">
      <Filter>src\router\goodwe</Filter>
    </DCompile>
    <DCompile Include="src\manager\plugin.d">
      <Filter>src\manager</Filter>
    </DCompile>
    <DCompile Include="src\manager\package.d">
      <Filter>src\manager</Filter>
    </DCompile>
    <DCompile Include="src\router\goodwe\package.d">
      <Filter>src\router\goodwe</Filter>
    </DCompile>
    <DCompile Include="src\router\tesla\twc.d">
      <Filter>src\router\tesla</Filter>
    </DCompile>
    <DCompile Include="src\router\stream\bridge.d">
      <Filter>src\router\stream</Filter>
    </DCompile>
    <DCompile Include="src\urt\io.d">
      <Filter>src\urt</Filter>
    </DCompile>
    <DCompile Include="src\urt\traits.d">
      <Filter>src\urt</Filter>
    </DCompile>
    <DCompile Include="src\urt\mem\alloc.d">
      <Filter>src\urt\mem</Filter>
    </DCompile>
    <DCompile Include="src\urt\mem\allocator.d">
      <Filter>src\urt\mem</Filter>
    </DCompile>
    <DCompile Include="src\urt\mem\package.d">
      <Filter>src\urt\mem</Filter>
    </DCompile>
    <DCompile Include="src\urt\mem\refman.d">
      <Filter>src\urt\mem</Filter>
    </DCompile>
    <DCompile Include="src\urt\mem\ring.d">
      <Filter>src\urt\mem</Filter>
    </DCompile>
    <DCompile Include="src\urt\mem\scratchpad.d">
      <Filter>src\urt\mem</Filter>
    </DCompile>
    <DCompile Include="src\urt\mem\string.d">
      <Filter>src\urt\mem</Filter>
    </DCompile>
    <DCompile Include="src\urt\mem\temp.d">
      <Filter>src\urt\mem</Filter>
    </DCompile>
    <DCompile Include="src\urt\mem\freelist.d">
      <Filter>src\urt\mem</Filter>
    </DCompile>
    <DCompile Include="src\urt\string\format.d">
      <Filter>src\urt\string</Filter>
    </DCompile>
    <DCompile Include="src\urt\string\package.d">
      <Filter>src\urt\string</Filter>
    </DCompile>
    <DCompile Include="src\urt\string\string.d">
      <Filter>src\urt\string</Filter>
    </DCompile>
    <DCompile Include="src\urt\string\tailstring.d">
      <Filter>src\urt\string</Filter>
    </DCompile>
    <DCompile Include="src\manager\subscriber.d">
      <Filter>src\manager</Filter>
    </DCompile>
    <DCompile Include="src\manager\log.d">
      <Filter>src\manager</Filter>
    </DCompile>
    <DCompile Include="src\manager\console\command.d">
      <Filter>src\manager\console</Filter>
    </DCompile>
    <DCompile Include="src\manager\console\package.d">
      <Filter>src\manager\console</Filter>
    </DCompile>
    <DCompile Include="src\urt\list.d">
      <Filter>src\urt</Filter>
    </DCompile>
    <DCompile Include="src\urt\platform.d">
      <Filter>src\urt</Filter>
    </DCompile>
    <DCompile Include="src\urt\processor.d">
      <Filter>src\urt</Filter>
    </DCompile>
    <DCompile Include="src\urt\compiler.d">
      <Filter>src\urt</Filter>
    </DCompile>
    <DCompile Include="src\urt\intrinsic\package.d">
      <Filter>src\urt\intrinsic</Filter>
    </DCompile>
    <DCompile Include="src\urt\package.d">
      <Filter>src\urt</Filter>
    </DCompile>
    <DCompile Include="src\urt\util.d">
      <Filter>src\urt</Filter>
    </DCompile>
    <DCompile Include="src\manager\console\builtin_commands.d">
      <Filter>src\manager\console</Filter>
    </DCompile>
    <DCompile Include="src\manager\console\expression.d">
      <Filter>src\manager\console</Filter>
    </DCompile>
    <DCompile Include="src\urt\mem\region.d">
      <Filter>src\urt\mem</Filter>
    </DCompile>
    <DCompile Include="src\urt\string\ansi.d">
      <Filter>src\urt\string</Filter>
    </DCompile>
    <DCompile Include="src\urt\endian.d">
      <Filter>src\urt</Filter>
    </DCompile>
    <DCompile Include="src\urt\dbg.d">
      <Filter>src\urt</Filter>
    </DCompile>
    <DCompile Include="src\urt\algorithm.d">
      <Filter>src\urt</Filter>
    </DCompile>
    <DCompile Include="src\urt\string\ascii.d">
      <Filter>src\urt\string</Filter>
    </DCompile>
    <DCompile Include="src\urt\string\uni.d">
      <Filter>src\urt\string</Filter>
    </DCompile>
    <DCompile Include="src\urt\conv.d">
      <Filter>src\urt</Filter>
    </DCompile>
    <DCompile Include="src\urt\log.d">
      <Filter>src\urt</Filter>
    </DCompile>
    <DCompile Include="src\urt\time.d">
      <Filter>src\urt</Filter>
    </DCompile>
    <DCompile Include="src\router\iface\bridge.d">
      <Filter>src\router\iface</Filter>
    </DCompile>
    <DCompile Include="src\router\iface\modbus.d">
      <Filter>src\router\iface</Filter>
    </DCompile>
    <DCompile Include="src\router\iface\package.d">
      <Filter>src\router\iface</Filter>
    </DCompile>
    <DCompile Include="src\protocol\modbus\package.d">
      <Filter>src\protocol\modbus</Filter>
    </DCompile>
    <DCompile Include="src\router\port\package.d">
      <Filter>src\router\port</Filter>
    </DCompile>
    <DCompile Include="src\router\port\serial.d">
      <Filter>src\router\port</Filter>
    </DCompile>
    <DCompile Include="src\protocol\http\package.d">
      <Filter>src\protocol\http</Filter>
    </DCompile>
    <DCompile Include="src\protocol\http\client.d">
      <Filter>src\protocol\http</Filter>
    </DCompile>
    <DCompile Include="src\protocol\mqtt\broker.d">
      <Filter>src\protocol\mqtt</Filter>
    </DCompile>
    <DCompile Include="src\protocol\mqtt\client.d">
      <Filter>src\protocol\mqtt</Filter>
    </DCompile>
    <DCompile Include="src\protocol\mqtt\package.d">
      <Filter>src\protocol\mqtt</Filter>
    </DCompile>
    <DCompile Include="src\protocol\mqtt\util.d">
      <Filter>src\protocol\mqtt</Filter>
    </DCompile>
    <DCompile Include="src\urt\meta\nullable.d">
      <Filter>src\urt\meta</Filter>
    </DCompile>
    <DCompile Include="src\router\iface\packet.d">
      <Filter>src\router\iface</Filter>
    </DCompile>
    <DCompile Include="src\urt\meta\package.d">
      <Filter>src\urt\meta</Filter>
    </DCompile>
    <DCompile Include="src\router\iface\tesla.d">
      <Filter>src\router\iface</Filter>
    </DCompile>
    <DCompile Include="src\protocol\tesla\twc.d">
      <Filter>src\protocol\tesla</Filter>
    </DCompile>
    <DCompile Include="src\urt\meta\tuple.d">
      <Filter>src\urt\meta</Filter>
    </DCompile>
    <DCompile Include="src\manager\console\function_command.d">
      <Filter>src\manager\console</Filter>
    </DCompile>
    <DCompile Include="src\protocol\modbus\client.d">
      <Filter>src\protocol\modbus</Filter>
    </DCompile>
    <DCompile Include="src\protocol\snmp\package.d">
      <Filter>src\protocol\snmp</Filter>
    </DCompile>
    <DCompile Include="src\protocol\tesla\master.d">
      <Filter>src\protocol\tesla</Filter>
    </DCompile>
    <DCompile Include="src\manager\system.d">
      <Filter>src\manager</Filter>
    </DCompile>
    <DCompile Include="src\urt\map.d">
      <Filter>src\urt</Filter>
    </DCompile>
    <DCompile Include="src\urt\lifetime.d">
      <Filter>src\urt</Filter>
    </DCompile>
    <DCompile Include="src\urt\socket.d">
      <Filter>src\urt</Filter>
    </DCompile>
    <DCompile Include="src\urt\inet.d">
      <Filter>src\urt</Filter>
    </DCompile>
    <DCompile Include="src\urt\math.d">
      <Filter>src\urt</Filter>
    </DCompile>
    <DCompile Include="src\urt\file.d">
      <Filter>src\urt</Filter>
    </DCompile>
    <DCompile Include="src\urt\result.d">
      <Filter>src\urt</Filter>
    </DCompile>
    <DCompile Include="src\router\iface\mac.d">
      <Filter>src\router\iface</Filter>
    </DCompile>
    <DCompile Include="src\protocol\telnet\server.d">
      <Filter>src\protocol\telnet</Filter>
    </DCompile>
    <DCompile Include="src\protocol\telnet\session.d">
      <Filter>src\protocol\telnet</Filter>
    </DCompile>
    <DCompile Include="src\manager\console\session.d">
      <Filter>src\manager\console</Filter>
    </DCompile>
    <DCompile Include="src\protocol\telnet\package.d">
      <Filter>src\protocol\telnet</Filter>
    </DCompile>
    <DCompile Include="src\urt\array.d">
      <Filter>src\urt</Filter>
    </DCompile>
    <DCompile Include="src\urt\serial.d">
      <Filter>src\urt</Filter>
    </DCompile>
    <DCompile Include="src\manager\console\console.d">
      <Filter>src\manager\console</Filter>
    </DCompile>
    <DCompile Include="src\protocol\tesla\package.d">
      <Filter>src\protocol\tesla</Filter>
    </DCompile>
    <DCompile Include="src\manager\sampler.d">
      <Filter>src\manager</Filter>
    </DCompile>
    <DCompile Include="src\protocol\modbus\sampler.d">
      <Filter>src\protocol\modbus</Filter>
    </DCompile>
    <DCompile Include="src\protocol\tesla\sampler.d">
      <Filter>src\protocol\tesla</Filter>
    </DCompile>
    <DCompile Include="src\protocol\ezsp\package.d">
      <Filter>src\protocol\ezsp</Filter>
    </DCompile>
    <DCompile Include="src\protocol\ezsp\ashv2.d">
      <Filter>src\protocol\ezsp</Filter>
    </DCompile>
    <DCompile Include="src\protocol\ezsp\commands.d">
      <Filter>src\protocol\ezsp</Filter>
    </DCompile>
    <DCompile Include="src\protocol\ezsp\client.d">
      <Filter>src\protocol\ezsp</Filter>
    </DCompile>
    <DCompile Include="src\protocol\zigbee\package.d">
      <Filter>src\protocol\zigbee</Filter>
    </DCompile>
    <DCompile Include="src\protocol\zigbee\client.d">
      <Filter>src\protocol\zigbee</Filter>
    </DCompile>
    <DCompile Include="src\protocol\zigbee\coordinator.d">
      <Filter>src\protocol\zigbee</Filter>
    </DCompile>
    <DCompile Include="src\router\iface\zigbee.d">
      <Filter>src\router\iface</Filter>
    </DCompile>
    <DCompile Include="src\router\iface\can.d">
      <Filter>src\router\iface</Filter>
    </DCompile>
    <DCompile Include="src\urt\crc.d">
      <Filter>src\urt</Filter>
    </DCompile>
    <DCompile Include="src\urt\rand.d">
      <Filter>src\urt</Filter>
    </DCompile>
    <DCompile Include="src\urt\encoding.d">
      <Filter>src\urt</Filter>
    </DCompile>
    <DCompile Include="src\urt\fibre.d">
      <Filter>src\urt</Filter>
    </DCompile>
    <DCompile Include="src\urt\async.d">
      <Filter>src\urt</Filter>
    </DCompile>
    <DCompile Include="src\urt\system.d">
      <Filter>src\urt</Filter>
    </DCompile>
    <DCompile Include="src\protocol\dns\mdns.d">
      <Filter>src\protocol\dns</Filter>
    </DCompile>
    <DCompile Include="src\protocol\dns\message.d">
      <Filter>src\protocol\dns</Filter>
    </DCompile>
    <DCompile Include="src\protocol\dns\package.d">
      <Filter>src\protocol\dns</Filter>
    </DCompile>
    <DCompile Include="src\urt\kvp.d">
      <Filter>src\urt</Filter>
    </DCompile>
    <DCompile Include="src\urt\digest\md5.d">
      <Filter>src\urt\digest</Filter>
    </DCompile>
    <DCompile Include="src\urt\zip.d">
      <Filter>src\urt</Filter>
    </DCompile>
    <DCompile Include="src\urt\hash.d">
      <Filter>src\urt</Filter>
    </DCompile>
    <DCompile Include="src\urt\format\json.d">
      <Filter>src\urt\format</Filter>
    </DCompile>
    <DCompile Include="src\urt\variant.d">
      <Filter>src\urt</Filter>
    </DCompile>
    <DCompile Include="src\urt\range\package.d">
      <Filter>src\urt\range</Filter>
    </DCompile>
    <DCompile Include="src\urt\range\primitives.d">
      <Filter>src\urt\range</Filter>
    </DCompile>
    <DCompile Include="src\apps\energy\appliance.d">
      <Filter>src\apps\energy</Filter>
    </DCompile>
    <DCompile Include="src\apps\energy\circuit.d">
      <Filter>src\apps\energy</Filter>
    </DCompile>
    <DCompile Include="src\apps\energy\manager.d">
      <Filter>src\apps\energy</Filter>
    </DCompile>
    <DCompile Include="src\apps\energy\meter.d">
      <Filter>src\apps\energy</Filter>
    </DCompile>
    <DCompile Include="src\apps\energy\package.d">
      <Filter>src\apps\energy</Filter>
    </DCompile>
    <DCompile Include="src\urt\si\package.d">
      <Filter>src\urt\si</Filter>
    </DCompile>
    <DCompile Include="src\urt\si\quantity.d">
      <Filter>src\urt\si</Filter>
    </DCompile>
    <DCompile Include="src\urt\si\unit.d">
      <Filter>src\urt\si</Filter>
    </DCompile>
    <DCompile Include="src\urt\system.d">
      <Filter>src\urt</Filter>
    </DCompile>
    <DCompile Include="src\manager\pcap.d">
      <Filter>src\manager</Filter>
    </DCompile>
    <DCompile Include="src\protocol\package.d">
      <Filter>src\protocol</Filter>
    </DCompile>
    <DCompile Include="src\manager\expression.d">
      <Filter>src\manager</Filter>
    </DCompile>
    <DCompile Include="src\protocol\http\message.d">
      <Filter>src\protocol\http</Filter>
    </DCompile>
  </ItemGroup>
  <ItemGroup>
    <None Include=".gitignore" />
    <None Include=".editorconfig" />
    <None Include="conf\startup.conf">
      <Filter>conf</Filter>
    </None>
    <None Include="conf\modbus_profiles\eastron_sdm120.conf">
      <Filter>conf\modbus_profiles</Filter>
    </None>
    <None Include="conf\modbus_profiles\eastron_sdm630.conf">
      <Filter>conf\modbus_profiles</Filter>
    </None>
    <None Include="conf\modbus_profiles\gm1000.conf">
      <Filter>conf\modbus_profiles</Filter>
    </None>
    <None Include="conf\modbus_profiles\goodwe_ems.conf">
      <Filter>conf\modbus_profiles</Filter>
    </None>
    <None Include="conf\modbus_profiles\pace_bms.conf">
      <Filter>conf\modbus_profiles</Filter>
    </None>
    <None Include="conf\modbus_profiles\se_meter.conf">
      <Filter>conf\modbus_profiles</Filter>
    </None>
    <None Include="conf\modbus_profiles\smartevse.conf">
      <Filter>conf\modbus_profiles</Filter>
    </None>
    <None Include="conf\modbus_profiles\tac1100.conf">
      <Filter>conf\modbus_profiles</Filter>
    </None>
    <None Include="conf\rest_profiles\smartevse.conf">
      <Filter>conf\rest_profiles</Filter>
    </None>
  </ItemGroup>
</Project>