<?xml version="1.0" encoding="utf-8"?>
<Project ToolsVersion="4.0" xmlns="http://schemas.microsoft.com/developer/msbuild/2003">
  <ItemGroup>
    <Filter Include="src">
      <UniqueIdentifier>{9560f9a9-c6dd-4b6c-9b32-ada7955c0346}</UniqueIdentifier>
    </Filter>
    <Filter Include="src\util">
      <UniqueIdentifier>{9c7cd652-4bde-4873-9283-8c52be3d1b6c}</UniqueIdentifier>
    </Filter>
    <Filter Include="src\db">
      <UniqueIdentifier>{5d186ff6-592c-44bc-99a8-f871c74d47b3}</UniqueIdentifier>
    </Filter>
    <Filter Include="src\router">
      <UniqueIdentifier>{246d3667-a7d7-4f96-bd0a-7d418f4c1d4d}</UniqueIdentifier>
    </Filter>
    <Filter Include="src\router\modbus">
      <UniqueIdentifier>{1bee7aca-c082-410d-85f8-d7b21877b501}</UniqueIdentifier>
    </Filter>
    <Filter Include="src\router\modbus\profile">
      <UniqueIdentifier>{d74b0e76-0264-4e38-a6cf-a3bd6be27eb3}</UniqueIdentifier>
    </Filter>
    <Filter Include="src\manager">
      <UniqueIdentifier>{a7edf0a4-cbca-4a75-bf4f-548fe4b7764d}</UniqueIdentifier>
    </Filter>
  </ItemGroup>
  <ItemGroup>
    <DCompile Include="src\router\modbus\profile\goodwe_smart_meter.d">
      <Filter>src\router\modbus\profile</Filter>
    </DCompile>
    <DCompile Include="src\router\modbus\profile\solaredge_meter.d">
      <Filter>src\router\modbus\profile</Filter>
    </DCompile>
    <DCompile Include="src\router\modbus\profile\goodwe_ems.d">
      <Filter>src\router\modbus\profile</Filter>
    </DCompile>
    <DCompile Include="src\router\modbus\profile\pace_bms.d">
      <Filter>src\router\modbus\profile</Filter>
    </DCompile>
    <DCompile Include="src\router\modbus\profile\package.d">
      <Filter>src\router\modbus\profile</Filter>
    </DCompile>
    <DCompile Include="src\db\package.d">
      <Filter>src\db</Filter>
    </DCompile>
    <DCompile Include="src\util\package.d">
      <Filter>src\util</Filter>
    </DCompile>
    <DCompile Include="src\router\modbus\coding.d">
      <Filter>src\router\modbus</Filter>
    </DCompile>
    <DCompile Include="src\router\modbus\util.d">
      <Filter>src\router\modbus</Filter>
    </DCompile>
    <DCompile Include="src\router\modbus\message.d">
      <Filter>src\router\modbus</Filter>
    </DCompile>
    <DCompile Include="src\main.d">
      <Filter>src</Filter>
    </DCompile>
    <DCompile Include="src\db\selfrefptr.d">
      <Filter>src\db</Filter>
    </DCompile>
    <DCompile Include="src\db\stream.d">
      <Filter>src\db</Filter>
    </DCompile>
    <DCompile Include="src\db\value.d">
      <Filter>src\db</Filter>
    </DCompile>
    <DCompile Include="src\router\client.d">
      <Filter>src\router</Filter>
    </DCompile>
    <DCompile Include="src\router\serial.d">
      <Filter>src\router</Filter>
    </DCompile>
    <DCompile Include="src\router\modbus\connection.d">
      <Filter>src\router\modbus</Filter>
    </DCompile>
    <DCompile Include="src\util\log.d">
      <Filter>src\util</Filter>
    </DCompile>
    <DCompile Include="src\db\device.d">
      <Filter>src\manager</Filter>
    </DCompile>
    <DCompile Include="src\db\component.d">
      <Filter>src\manager</Filter>
    </DCompile>
    <DCompile Include="src\manager\element.d">
      <Filter>src\manager</Filter>
    </DCompile>
    <DCompile Include="src\router\server.d">
      <Filter>src\router</Filter>
    </DCompile>
  </ItemGroup>
  <ItemGroup>
    <None Include=".editorconfig" />
    <None Include=".gitignore" />
  </ItemGroup>
</Project>